<?xml version="1.0" encoding="utf-8"?>
<Project ToolsVersion="4.0" xmlns="http://schemas.microsoft.com/developer/msbuild/2003">
  <ItemGroup>
    <Filter Include="Source Files">
      <UniqueIdentifier>{4FC737F1-C7A5-4376-A066-2A32D752A2FF}</UniqueIdentifier>
      <Extensions>cpp;c;cc;cxx;def;odl;idl;hpj;bat;asm;asmx</Extensions>
    </Filter>
    <Filter Include="Header Files">
      <UniqueIdentifier>{93995380-89BD-4b04-88EB-625FBE52EBFB}</UniqueIdentifier>
      <Extensions>h;hh;hpp;hxx;hm;inl;inc;xsd</Extensions>
    </Filter>
    <Filter Include="Resource Files">
      <UniqueIdentifier>{67DA6AB6-F800-4c08-8B7A-83BB121AAD01}</UniqueIdentifier>
      <Extensions>rc;ico;cur;bmp;dlg;rc2;rct;bin;rgs;gif;jpg;jpeg;jpe;resx;tiff;tif;png;wav;mfcribbon-ms</Extensions>
    </Filter>
  </ItemGroup>
  <ItemGroup>
    <Text Include="ReadMe.txt" />
  </ItemGroup>
  <ItemGroup>
    <ClInclude Include="stdafx.h">
      <Filter>Header Files</Filter>
    </ClInclude>
    <ClInclude Include="targetver.h">
      <Filter>Header Files</Filter>
    </ClInclude>
    <ClInclude Include="RealSenseCollection.h">
      <Filter>Header Files</Filter>
    </ClInclude>
    <ClInclude Include="collction.h">
      <Filter>Header Files</Filter>
    </ClInclude>
    <ClInclude Include="resource.h">
      <Filter>Header Files</Filter>
    </ClInclude>
    <ClInclude Include="KinectCollection.h">
      <Filter>Header Files</Filter>
    </ClInclude>
    <ClInclude Include="FrameSync.h">
      <Filter>Header Files</Filter>
    </ClInclude>
    <ClInclude Include="DataCommon.h">
      <Filter>Header Files</Filter>
    </ClInclude>
    <ClInclude Include="Reconstruction.h">
      <Filter>Header Files</Filter>
    </ClInclude>
    <ClInclude Include="facemodeling.h">
      <Filter>Header Files</Filter>
    </ClInclude>
    <ClInclude Include="dip_segmentation_module\connectedcomponents.h">
      <Filter>Header Files</Filter>
    </ClInclude>
    <ClInclude Include="dip_segmentation_module\headsegmenter.h">
      <Filter>Header Files</Filter>
    </ClInclude>
    <ClInclude Include="face_detect\JudgeFrontFace.h">
      <Filter>Header Files</Filter>
    </ClInclude>
  </ItemGroup>
  <ItemGroup>
    <ClCompile Include="stdafx.cpp">
      <Filter>Source Files</Filter>
    </ClCompile>
    <ClCompile Include="RealSenseCollection.cpp">
      <Filter>Source Files</Filter>
    </ClCompile>
    <ClCompile Include="main.cpp">
      <Filter>Source Files</Filter>
    </ClCompile>
    <ClCompile Include="KinectCollection.cpp">
      <Filter>Source Files</Filter>
    </ClCompile>
    <ClCompile Include="FrameSync.cpp">
      <Filter>Source Files</Filter>
    </ClCompile>
    <ClCompile Include="Reconstruction.cpp">
      <Filter>Source Files</Filter>
    </ClCompile>
    <ClCompile Include="facemodeling.cpp">
      <Filter>Source Files</Filter>
    </ClCompile>
    <ClCompile Include="dip_segmentation_module\connectedcomponents.cpp">
      <Filter>Source Files</Filter>
    </ClCompile>
    <ClCompile Include="dip_segmentation_module\headsegmenter.cpp">
      <Filter>Source Files</Filter>
    </ClCompile>
    <ClCompile Include="face_detect\JudgeFrontFace.cpp">
      <Filter>Source Files</Filter>
    </ClCompile>
  </ItemGroup>
  <ItemGroup>
    <ResourceCompile Include="collection.rc">
      <Filter>Resource Files</Filter>
    </ResourceCompile>
  </ItemGroup>
</Project>